
Microsoft Visual Studio Solution File, Format Version 12.00
# Visual Studio Version 17
VisualStudioVersion = 17.14.36414.22 d17.14
MinimumVisualStudioVersion = 10.0.40219.1
Project("{FAE04EC0-301F-11D3-BF4B-00C04F79EFBC}") = "EmploeeTypes", "EmploeeTypes.csproj", "{87D596F6-C081-47E7-ABD4-37FCC27DC409}"
EndProject
Global
	GlobalSection(SolutionConfigurationPlatforms) = preSolution
		Debug|Any CPU = Debug|Any CPU
		Release|Any CPU = Release|Any CPU
	EndGlobalSection
	GlobalSection(ProjectConfigurationPlatforms) = postSolution
		{87D596F6-C081-47E7-ABD4-37FCC27DC409}.Debug|Any CPU.ActiveCfg = Debug|Any CPU
		{87D596F6-C081-47E7-ABD4-37FCC27DC409}.Debug|Any CPU.Build.0 = Debug|Any CPU
		{87D596F6-C081-47E7-ABD4-37FCC27DC409}.Release|Any CPU.ActiveCfg = Release|Any CPU
		{87D596F6-C081-47E7-ABD4-37FCC27DC409}.Release|Any CPU.Build.0 = Release|Any CPU
	EndGlobalSection
	GlobalSection(SolutionProperties) = preSolution
		HideSolutionNode = FALSE
	EndGlobalSection
	GlobalSection(ExtensibilityGlobals) = postSolution
		SolutionGuid = {F20B93C1-F0B9-4E3E-9D61-6F942B1F919D}
	EndGlobalSection
EndGlobal
