Microsoft Visual Studio Solution File, Format Version 12.00
# Visual Studio Version 17
VisualStudioVersion = 17.13.35931.197
MinimumVisualStudioVersion = 10.0.40219.1
Project("{FAE04EC0-301F-11D3-BF4B-00C04F79EFBC}") = "ForWithDoubleConditions", "ForWithDoubleConditions.csproj", "{C80EF26F-2A2D-4E9F-B367-C7E1101DD865}"
EndProject
Global
	GlobalSection(SolutionConfigurationPlatforms) = preSolution
		Debug|Any CPU = Debug|Any CPU
		Release|Any CPU = Release|Any CPU
	EndGlobalSection
	GlobalSection(ProjectConfigurationPlatforms) = postSolution
		{C80EF26F-2A2D-4E9F-B367-C7E1101DD865}.Debug|Any CPU.ActiveCfg = Debug|Any CPU
		{C80EF26F-2A2D-4E9F-B367-C7E1101DD865}.Debug|Any CPU.Build.0 = Debug|Any CPU
		{C80EF26F-2A2D-4E9F-B367-C7E1101DD865}.Release|Any CPU.ActiveCfg = Release|Any CPU
		{C80EF26F-2A2D-4E9F-B367-C7E1101DD865}.Release|Any CPU.Build.0 = Release|Any CPU
	EndGlobalSection
	GlobalSection(SolutionProperties) = preSolution
		HideSolutionNode = FALSE
	EndGlobalSection
	GlobalSection(ExtensibilityGlobals) = postSolution
		SolutionGuid = {C8B2F12E-8D9F-4DA0-8416-7CD9B5CFEF57}
	EndGlobalSection
EndGlobal
