
Microsoft Visual Studio Solution File, Format Version 12.00
# Visual Studio Version 17
VisualStudioVersion = 17.7.34031.279
MinimumVisualStudioVersion = 10.0.40219.1
Project("{9A19103F-16F7-4668-BE54-9A1E7A4F7556}") = "Rectangle", "Rectangle.csproj", "{5E37822F-77FC-4F41-A1E5-A2D59AD73966}"
EndProject
Global
	GlobalSection(SolutionConfigurationPlatforms) = preSolution
		Debug|Any CPU = Debug|Any CPU
		Release|Any CPU = Release|Any CPU
	EndGlobalSection
	GlobalSection(ProjectConfigurationPlatforms) = postSolution
		{5E37822F-77FC-4F41-A1E5-A2D59AD73966}.Debug|Any CPU.ActiveCfg = Debug|Any CPU
		{5E37822F-77FC-4F41-A1E5-A2D59AD73966}.Debug|Any CPU.Build.0 = Debug|Any CPU
		{5E37822F-77FC-4F41-A1E5-A2D59AD73966}.Release|Any CPU.ActiveCfg = Release|Any CPU
		{5E37822F-77FC-4F41-A1E5-A2D59AD73966}.Release|Any CPU.Build.0 = Release|Any CPU
	EndGlobalSection
	GlobalSection(SolutionProperties) = preSolution
		HideSolutionNode = FALSE
	EndGlobalSection
	GlobalSection(ExtensibilityGlobals) = postSolution
		SolutionGuid = {89D2AB14-D8BE-40E0-B49C-7839426C1268}
	EndGlobalSection
EndGlobal
