
Microsoft Visual Studio Solution File, Format Version 12.00
# Visual Studio Version 17
VisualStudioVersion = 17.7.34009.444
MinimumVisualStudioVersion = 10.0.40219.1
Project("{FAE04EC0-301F-11D3-BF4B-00C04F79EFBC}") = "DelegateExample", "DelegateExample.csproj", "{57F8BDF8-A8CC-42D8-8013-2085AF0D15F1}"
EndProject
Global
	GlobalSection(SolutionConfigurationPlatforms) = preSolution
		Debug|Any CPU = Debug|Any CPU
		Release|Any CPU = Release|Any CPU
	EndGlobalSection
	GlobalSection(ProjectConfigurationPlatforms) = postSolution
		{57F8BDF8-A8CC-42D8-8013-2085AF0D15F1}.Debug|Any CPU.ActiveCfg = Debug|Any CPU
		{57F8BDF8-A8CC-42D8-8013-2085AF0D15F1}.Debug|Any CPU.Build.0 = Debug|Any CPU
		{57F8BDF8-A8CC-42D8-8013-2085AF0D15F1}.Release|Any CPU.ActiveCfg = Release|Any CPU
		{57F8BDF8-A8CC-42D8-8013-2085AF0D15F1}.Release|Any CPU.Build.0 = Release|Any CPU
	EndGlobalSection
	GlobalSection(SolutionProperties) = preSolution
		HideSolutionNode = FALSE
	EndGlobalSection
	GlobalSection(ExtensibilityGlobals) = postSolution
		SolutionGuid = {1DA0E39C-434F-43ED-B441-E502D2FBAEF6}
	EndGlobalSection
EndGlobal
