
Microsoft Visual Studio Solution File, Format Version 12.00
# Visual Studio Version 17
VisualStudioVersion = 17.7.34009.444
MinimumVisualStudioVersion = 10.0.40219.1
Project("{9A19103F-16F7-4668-BE54-9A1E7A4F7556}") = "ConsoleCalculator", "ConsoleCalculator.csproj", "{CFE775FC-8B21-485C-94C7-E92BC703B4E6}"
EndProject
Project("{2150E333-8FDC-42A3-9474-1A3956D46DE8}") = "Solution Items", "Solution Items", "{90371CDA-BD00-4B57-B1F5-83728C910AF8}"
	ProjectSection(SolutionItems) = preProject
		.editorconfig = .editorconfig
	EndProjectSection
EndProject
Global
	GlobalSection(SolutionConfigurationPlatforms) = preSolution
		Debug|Any CPU = Debug|Any CPU
		Release|Any CPU = Release|Any CPU
	EndGlobalSection
	GlobalSection(ProjectConfigurationPlatforms) = postSolution
		{CFE775FC-8B21-485C-94C7-E92BC703B4E6}.Debug|Any CPU.ActiveCfg = Debug|Any CPU
		{CFE775FC-8B21-485C-94C7-E92BC703B4E6}.Debug|Any CPU.Build.0 = Debug|Any CPU
		{CFE775FC-8B21-485C-94C7-E92BC703B4E6}.Release|Any CPU.ActiveCfg = Release|Any CPU
		{CFE775FC-8B21-485C-94C7-E92BC703B4E6}.Release|Any CPU.Build.0 = Release|Any CPU
	EndGlobalSection
	GlobalSection(SolutionProperties) = preSolution
		HideSolutionNode = FALSE
	EndGlobalSection
	GlobalSection(ExtensibilityGlobals) = postSolution
		SolutionGuid = {68911822-E025-4DF1-BE73-32D50CE127B5}
	EndGlobalSection
EndGlobal
