
Microsoft Visual Studio Solution File, Format Version 12.00
# Visual Studio Version 17
VisualStudioVersion = 17.7.34003.232
MinimumVisualStudioVersion = 10.0.40219.1
Project("{FAE04EC0-301F-11D3-BF4B-00C04F79EFBC}") = "TestGitLoading", "TestGitLoading.csproj", "{D27A823E-299E-4C3F-BF44-44E97979D863}"
EndProject
Global
	GlobalSection(SolutionConfigurationPlatforms) = preSolution
		Debug|Any CPU = Debug|Any CPU
		Release|Any CPU = Release|Any CPU
	EndGlobalSection
	GlobalSection(ProjectConfigurationPlatforms) = postSolution
		{D27A823E-299E-4C3F-BF44-44E97979D863}.Debug|Any CPU.ActiveCfg = Debug|Any CPU
		{D27A823E-299E-4C3F-BF44-44E97979D863}.Debug|Any CPU.Build.0 = Debug|Any CPU
		{D27A823E-299E-4C3F-BF44-44E97979D863}.Release|Any CPU.ActiveCfg = Release|Any CPU
		{D27A823E-299E-4C3F-BF44-44E97979D863}.Release|Any CPU.Build.0 = Release|Any CPU
	EndGlobalSection
	GlobalSection(SolutionProperties) = preSolution
		HideSolutionNode = FALSE
	EndGlobalSection
	GlobalSection(ExtensibilityGlobals) = postSolution
		SolutionGuid = {45B2E7E5-41C5-46E8-A1D9-AF8C7D18E69D}
	EndGlobalSection
EndGlobal
