
Microsoft Visual Studio Solution File, Format Version 12.00
# Visual Studio Version 17
VisualStudioVersion = 17.14.36221.1 d17.14
MinimumVisualStudioVersion = 10.0.40219.1
Project("{FAE04EC0-301F-11D3-BF4B-00C04F79EFBC}") = "EnumExample", "EnumExample.csproj", "{4D0436DF-FD1A-4115-B537-D479526FC3AD}"
EndProject
Global
	GlobalSection(SolutionConfigurationPlatforms) = preSolution
		Debug|Any CPU = Debug|Any CPU
		Release|Any CPU = Release|Any CPU
	EndGlobalSection
	GlobalSection(ProjectConfigurationPlatforms) = postSolution
		{4D0436DF-FD1A-4115-B537-D479526FC3AD}.Debug|Any CPU.ActiveCfg = Debug|Any CPU
		{4D0436DF-FD1A-4115-B537-D479526FC3AD}.Debug|Any CPU.Build.0 = Debug|Any CPU
		{4D0436DF-FD1A-4115-B537-D479526FC3AD}.Release|Any CPU.ActiveCfg = Release|Any CPU
		{4D0436DF-FD1A-4115-B537-D479526FC3AD}.Release|Any CPU.Build.0 = Release|Any CPU
	EndGlobalSection
	GlobalSection(SolutionProperties) = preSolution
		HideSolutionNode = FALSE
	EndGlobalSection
	GlobalSection(ExtensibilityGlobals) = postSolution
		SolutionGuid = {B7BA17BB-2661-40DA-8251-D19514E5C3FC}
	EndGlobalSection
EndGlobal
